
Microsoft Visual Studio Solution File, Format Version 12.00
# Visual Studio Version 17
VisualStudioVersion = 17.14.36121.58 d17.14
MinimumVisualStudioVersion = 10.0.40219.1
Project("{FAE04EC0-301F-11D3-BF4B-00C04F79EFBC}") = "AugustAI", "AugustAI\AugustAI.csproj", "{22F2D31D-A3BB-4877-93CC-23AF322BE8D5}"
EndProject
Global
	GlobalSection(SolutionConfigurationPlatforms) = preSolution
		Debug|Any CPU = Debug|Any CPU
		Release|Any CPU = Release|Any CPU
	EndGlobalSection
	GlobalSection(ProjectConfigurationPlatforms) = postSolution
		{22F2D31D-A3BB-4877-93CC-23AF322BE8D5}.Debug|Any CPU.ActiveCfg = Debug|Any CPU
		{22F2D31D-A3BB-4877-93CC-23AF322BE8D5}.Debug|Any CPU.Build.0 = Debug|Any CPU
		{22F2D31D-A3BB-4877-93CC-23AF322BE8D5}.Release|Any CPU.ActiveCfg = Release|Any CPU
		{22F2D31D-A3BB-4877-93CC-23AF322BE8D5}.Release|Any CPU.Build.0 = Release|Any CPU
	EndGlobalSection
	GlobalSection(SolutionProperties) = preSolution
		HideSolutionNode = FALSE
	EndGlobalSection
	GlobalSection(ExtensibilityGlobals) = postSolution
		SolutionGuid = {B59CEFF9-866E-407C-A693-1406144E806C}
	EndGlobalSection
EndGlobal
